
Microsoft Visual Studio Solution File, Format Version 12.00
# Visual Studio Version 17
VisualStudioVersion = 17.6.33801.468
MinimumVisualStudioVersion = 10.0.40219.1
Project("{FAE04EC0-301F-11D3-BF4B-00C04F79EFBC}") = "Practice", "Practice\Practice.csproj", "{F254F6F2-D8A0-4105-8E44-1E58268BEB6E}"
EndProject
Global
	GlobalSection(SolutionConfigurationPlatforms) = preSolution
		Debug|Any CPU = Debug|Any CPU
		Release|Any CPU = Release|Any CPU
	EndGlobalSection
	GlobalSection(ProjectConfigurationPlatforms) = postSolution
		{F254F6F2-D8A0-4105-8E44-1E58268BEB6E}.Debug|Any CPU.ActiveCfg = Debug|Any CPU
		{F254F6F2-D8A0-4105-8E44-1E58268BEB6E}.Debug|Any CPU.Build.0 = Debug|Any CPU
		{F254F6F2-D8A0-4105-8E44-1E58268BEB6E}.Release|Any CPU.ActiveCfg = Release|Any CPU
		{F254F6F2-D8A0-4105-8E44-1E58268BEB6E}.Release|Any CPU.Build.0 = Release|Any CPU
	EndGlobalSection
	GlobalSection(SolutionProperties) = preSolution
		HideSolutionNode = FALSE
	EndGlobalSection
	GlobalSection(ExtensibilityGlobals) = postSolution
		SolutionGuid = {7D75A0FA-4557-48D3-BADE-6B8372837F5D}
	EndGlobalSection
EndGlobal
