
Microsoft Visual Studio Solution File, Format Version 12.00
# Visual Studio Version 17
VisualStudioVersion = 17.11.35219.272
MinimumVisualStudioVersion = 10.0.40219.1
Project("{9092AA53-FB77-4645-B42D-1CCCA6BD08BD}") = "Valdez_INF61_HW01", "Valdez_INF61_HW01\Valdez_INF61_HW01.njsproj", "{9936C28C-A08F-4F3D-8FE7-7D6592B0823A}"
EndProject
Global
	GlobalSection(SolutionConfigurationPlatforms) = preSolution
		Debug|Any CPU = Debug|Any CPU
		Release|Any CPU = Release|Any CPU
	EndGlobalSection
	GlobalSection(ProjectConfigurationPlatforms) = postSolution
		{9936C28C-A08F-4F3D-8FE7-7D6592B0823A}.Debug|Any CPU.ActiveCfg = Debug|Any CPU
		{9936C28C-A08F-4F3D-8FE7-7D6592B0823A}.Debug|Any CPU.Build.0 = Debug|Any CPU
		{9936C28C-A08F-4F3D-8FE7-7D6592B0823A}.Release|Any CPU.ActiveCfg = Release|Any CPU
		{9936C28C-A08F-4F3D-8FE7-7D6592B0823A}.Release|Any CPU.Build.0 = Release|Any CPU
	EndGlobalSection
	GlobalSection(SolutionProperties) = preSolution
		HideSolutionNode = FALSE
	EndGlobalSection
	GlobalSection(ExtensibilityGlobals) = postSolution
		SolutionGuid = {759F2E32-CE8F-4568-80AE-9B2BBE3E885E}
	EndGlobalSection
EndGlobal
