
Microsoft Visual Studio Solution File, Format Version 12.00
# Visual Studio Version 17
VisualStudioVersion = 17.10.34928.147
MinimumVisualStudioVersion = 10.0.40219.1
Project("{888888A0-9F3D-457C-B088-3A5042F75D52}") = "EliseValdezAssignment4", "EliseValdezAssignment4\EliseValdezAssignment4.pyproj", "{CFC81467-941E-4110-8AC0-322480F26BDD}"
EndProject
Global
	GlobalSection(SolutionConfigurationPlatforms) = preSolution
		Debug|Any CPU = Debug|Any CPU
		Release|Any CPU = Release|Any CPU
	EndGlobalSection
	GlobalSection(ProjectConfigurationPlatforms) = postSolution
		{CFC81467-941E-4110-8AC0-322480F26BDD}.Debug|Any CPU.ActiveCfg = Debug|Any CPU
		{CFC81467-941E-4110-8AC0-322480F26BDD}.Release|Any CPU.ActiveCfg = Release|Any CPU
	EndGlobalSection
	GlobalSection(SolutionProperties) = preSolution
		HideSolutionNode = FALSE
	EndGlobalSection
	GlobalSection(ExtensibilityGlobals) = postSolution
		SolutionGuid = {C51372E8-3C39-4125-940D-CC798F62F0F4}
	EndGlobalSection
EndGlobal
